PODS:
  - CJBaseUIKit/CJSlider (0.8.0)
  - CJMediaCacheKit (0.0.1)
  - CJMediaPlayer (0.0.1):
    - CJBaseUIKit/CJSlider (~> 0.8.0)
    - CJMediaCacheKit
    - PureLayout
    - TransitionKit
  - CJPlayer (0.0.1):
    - CJMediaCacheKit
  - CQDemoKit/BaseUIKit (0.7.5):
    - Masonry
  - CQDemoKit/BaseUtil (0.7.5)
  - CQDemoKit/BaseVC (0.7.5):
    - CQDemoKit/BaseVC/Base (= 0.7.5)
    - CQDemoKit/BaseVC/Collection (= 0.7.5)
    - CQDemoKit/BaseVC/ScrollView (= 0.7.5)
    - CQDemoKit/BaseVC/TabBar (= 0.7.5)
    - CQDemoKit/BaseVC/TableView (= 0.7.5)
    - CQDemoKit/BaseVC/TextView (= 0.7.5)
    - CQDemoKit/Helper
  - CQDemoKit/BaseVC/Base (0.7.5):
    - CQDemoKit/BaseUIKit
    - CQDemoKit/Helper
    - Masonry
  - CQDemoKit/BaseVC/Collection (0.7.5):
    - CQDemoKit/BaseVC/Base
    - CQDemoKit/Helper
  - CQDemoKit/BaseVC/ScrollView (0.7.5):
    - CQDemoKit/BaseVC/Base
    - CQDemoKit/Helper
  - CQDemoKit/BaseVC/TabBar (0.7.5):
    - CQDemoKit/Helper
  - CQDemoKit/BaseVC/TableView (0.7.5):
    - CQDemoKit/BaseVC/Base
    - CQDemoKit/Helper
  - CQDemoKit/BaseVC/TextView (0.7.5):
    - CQDemoKit/BaseUtil
    - CQDemoKit/BaseVC/Base
    - CQDemoKit/Helper
  - CQDemoKit/Helper (0.7.5)
  - Masonry (1.1.0)
  - MBProgressHUD (0.9.2)
  - PureLayout (3.1.9)
  - TransitionKit (2.2.1)

DEPENDENCIES:
  - CJMediaCacheKit (from `../`)
  - CJMediaPlayer (from `../`)
  - CJPlayer (from `../`)
  - CQDemoKit/BaseVC (~> 0.7.5)
  - MBProgressHUD (~> 0.9)

SPEC REPOS:
  trunk:
    - CJBaseUIKit
    - CQDemoKit
    - Masonry
    - MBProgressHUD
    - PureLayout
    - TransitionKit

EXTERNAL SOURCES:
  CJMediaCacheKit:
    :path: "../"
  CJMediaPlayer:
    :path: "../"
  CJPlayer:
    :path: "../"

SPEC CHECKSUMS:
  CJBaseUIKit: 1aae41e618536f39628c79a7461f48e6979b8a5e
  CJMediaCacheKit: 0cb62830e0e8364f7a897e1036308e613d53f2e8
  CJMediaPlayer: d0fe29ed73a4bae153fa6971b2d5017c0b4b7bdf
  CJPlayer: e29c9823449224daa93c46f666f52b310fe30168
  CQDemoKit: 1c1e5b27b6a973ab0b6535f4c3df3164e6c82285
  Masonry: 678fab65091a9290e40e2832a55e7ab731aad201
  MBProgressHUD: 1569cf7ace17a8bac47aabfbb8580a49690386d1
  PureLayout: 5fb5e5429519627d60d079ccb1eaa7265ce7cf88
  TransitionKit: 9ceccda4cd0cdc0a05ef85eb235e5a3292c3c250

PODFILE CHECKSUM: dad217328b58f0479a185b6a33c38437703688b1

COCOAPODS: 1.16.2
